
Microsoft Visual Studio Solution File, Format Version 12.00
# Blend for Visual Studio Version 16
VisualStudioVersion = 16.0.31205.134
MinimumVisualStudioVersion = 10.0.40219.1
Project("{FAE04EC0-301F-11D3-BF4B-00C04F79EFBC}") = "WpfCustomControlLibrary1", "WpfCustomControlLibrary1\WpfCustomControlLibrary1.csproj", "{B895922C-6E3E-4FE9-BAAE-2B703BC51EA8}"
EndProject
Global
	GlobalSection(SolutionConfigurationPlatforms) = preSolution
		Debug|Any CPU = Debug|Any CPU
		Release|Any CPU = Release|Any CPU
	EndGlobalSection
	GlobalSection(ProjectConfigurationPlatforms) = postSolution
		{B895922C-6E3E-4FE9-BAAE-2B703BC51EA8}.Debug|Any CPU.ActiveCfg = Debug|Any CPU
		{B895922C-6E3E-4FE9-BAAE-2B703BC51EA8}.Debug|Any CPU.Build.0 = Debug|Any CPU
		{B895922C-6E3E-4FE9-BAAE-2B703BC51EA8}.Release|Any CPU.ActiveCfg = Release|Any CPU
		{B895922C-6E3E-4FE9-BAAE-2B703BC51EA8}.Release|Any CPU.Build.0 = Release|Any CPU
	EndGlobalSection
	GlobalSection(SolutionProperties) = preSolution
		HideSolutionNode = FALSE
	EndGlobalSection
	GlobalSection(ExtensibilityGlobals) = postSolution
		SolutionGuid = {CEE90EF8-573D-49F3-97F0-F05EABB8C835}
	EndGlobalSection
EndGlobal
